// !$*UTF8*$!
{
	archiveVersion = 1;
	classes = {
	};
	objectVersion = 50;
	objects = {

/* Begin PBXBuildFile section */
		912B427D22F9CD4B003A0D1D /* ffiFunction.c in Sources */ = {isa = PBXBuildFile; fileRef = 912B427C22F9CD4B003A0D1D /* ffiFunction.c */; };
		913995672321642900BD822D /* Foo.m in Sources */ = {isa = PBXBuildFile; fileRef = 913995662321642900BD822D /* Foo.m */; };
		9139956A2321648C00BD822D /* HelloWorld.m in Sources */ = {isa = PBXBuildFile; fileRef = 913995692321648C00BD822D /* HelloWorld.m */; };
		9165FE09231EC42C0028856D /* AppBuildProcess.c in Sources */ = {isa = PBXBuildFile; fileRef = 9165FE08231EC42C0028856D /* AppBuildProcess.c */; };
		9181F47122ACEFA200E9C3B7 /* TinyHelloWorld.c in Sources */ = {isa = PBXBuildFile; fileRef = 9181F47022ACEFA200E9C3B7 /* TinyHelloWorld.c */; };
		919A48A4228DB0C0009436D9 /* main.c in Sources */ = {isa = PBXBuildFile; fileRef = 919A48A3228DB0C0009436D9 /* main.c */; };
		919A48AB228DB192009436D9 /* SimpleSection.c in Sources */ = {isa = PBXBuildFile; fileRef = 919A48AA228DB192009436D9 /* SimpleSection.c */; };
/* End PBXBuildFile section */

/* Begin PBXCopyFilesBuildPhase section */
		919A489E228DB0C0009436D9 /* CopyFiles */ = {
			isa = PBXCopyFilesBuildPhase;
			buildActionMask = 2147483647;
			dstPath = /usr/share/man/man1/;
			dstSubfolderSpec = 0;
			files = (
			);
			runOnlyForDeploymentPostprocessing = 1;
		};
/* End PBXCopyFilesBuildPhase section */

/* Begin PBXFileReference section */
		912B427B22F9CD4B003A0D1D /* ffiFunction.h */ = {isa = PBXFileReference; lastKnownFileType = sourcecode.c.h; path = ffiFunction.h; sourceTree = "<group>"; };
		912B427C22F9CD4B003A0D1D /* ffiFunction.c */ = {isa = PBXFileReference; lastKnownFileType = sourcecode.c.c; path = ffiFunction.c; sourceTree = "<group>"; };
		913995652321642900BD822D /* Foo.h */ = {isa = PBXFileReference; lastKnownFileType = sourcecode.c.h; path = Foo.h; sourceTree = "<group>"; };
		913995662321642900BD822D /* Foo.m */ = {isa = PBXFileReference; lastKnownFileType = sourcecode.c.objc; path = Foo.m; sourceTree = "<group>"; };
		913995682321648C00BD822D /* HelloWorld.h */ = {isa = PBXFileReference; lastKnownFileType = sourcecode.c.h; path = HelloWorld.h; sourceTree = "<group>"; };
		913995692321648C00BD822D /* HelloWorld.m */ = {isa = PBXFileReference; lastKnownFileType = sourcecode.c.objc; path = HelloWorld.m; sourceTree = "<group>"; };
		9165FE07231EC42C0028856D /* AppBuildProcess.h */ = {isa = PBXFileReference; lastKnownFileType = sourcecode.c.h; path = AppBuildProcess.h; sourceTree = "<group>"; };
		9165FE08231EC42C0028856D /* AppBuildProcess.c */ = {isa = PBXFileReference; lastKnownFileType = sourcecode.c.c; path = AppBuildProcess.c; sourceTree = "<group>"; };
		9181F47022ACEFA200E9C3B7 /* TinyHelloWorld.c */ = {isa = PBXFileReference; lastKnownFileType = sourcecode.c.c; path = TinyHelloWorld.c; sourceTree = "<group>"; };
		919A48A0228DB0C0009436D9 /* Culture_Programmer */ = {isa = PBXFileReference; explicitFileType = "compiled.mach-o.executable"; includeInIndex = 0; path = Culture_Programmer; sourceTree = BUILT_PRODUCTS_DIR; };
		919A48A3228DB0C0009436D9 /* main.c */ = {isa = PBXFileReference; lastKnownFileType = sourcecode.c.c; path = main.c; sourceTree = "<group>"; };
		919A48AA228DB192009436D9 /* SimpleSection.c */ = {isa = PBXFileReference; fileEncoding = 4; lastKnownFileType = sourcecode.c.c; path = SimpleSection.c; sourceTree = "<group>"; };
		91E8187823266ED900BFDDD4 /* slimMach */ = {isa = PBXFileReference; lastKnownFileType = text; name = slimMach; path = "多类编译/slimMach"; sourceTree = "<group>"; };
		91E8187A2327B99200BFDDD4 /* test.bash */ = {isa = PBXFileReference; lastKnownFileType = text.script.sh; path = test.bash; sourceTree = "<group>"; };
/* End PBXFileReference section */

/* Begin PBXFrameworksBuildPhase section */
		919A489D228DB0C0009436D9 /* Frameworks */ = {
			isa = PBXFrameworksBuildPhase;
			buildActionMask = 2147483647;
			files = (
			);
			runOnlyForDeploymentPostprocessing = 0;
		};
/* End PBXFrameworksBuildPhase section */

/* Begin PBXGroup section */
		913995642321640100BD822D /* 多类编译 */ = {
			isa = PBXGroup;
			children = (
				913995652321642900BD822D /* Foo.h */,
				913995662321642900BD822D /* Foo.m */,
				913995682321648C00BD822D /* HelloWorld.h */,
				913995692321648C00BD822D /* HelloWorld.m */,
			);
			path = "多类编译";
			sourceTree = "<group>";
		};
		9165FE06231EC3E80028856D /* 项目构建过程 */ = {
			isa = PBXGroup;
			children = (
				913995642321640100BD822D /* 多类编译 */,
				9165FE07231EC42C0028856D /* AppBuildProcess.h */,
				9165FE08231EC42C0028856D /* AppBuildProcess.c */,
				91E8187823266ED900BFDDD4 /* slimMach */,
			);
			path = "项目构建过程";
			sourceTree = "<group>";
		};
		919A4897228DB0C0009436D9 = {
			isa = PBXGroup;
			children = (
				91E818792327B97300BFDDD4 /* shell脚本 */,
				9165FE06231EC3E80028856D /* 项目构建过程 */,
				919A48A2228DB0C0009436D9 /* Culture_Programmer */,
				919A48A1228DB0C0009436D9 /* Products */,
			);
			sourceTree = "<group>";
		};
		919A48A1228DB0C0009436D9 /* Products */ = {
			isa = PBXGroup;
			children = (
				919A48A0228DB0C0009436D9 /* Culture_Programmer */,
			);
			name = Products;
			sourceTree = "<group>";
		};
		919A48A2228DB0C0009436D9 /* Culture_Programmer */ = {
			isa = PBXGroup;
			children = (
				919A48A3228DB0C0009436D9 /* main.c */,
				919A48AA228DB192009436D9 /* SimpleSection.c */,
				9181F47022ACEFA200E9C3B7 /* TinyHelloWorld.c */,
				912B427B22F9CD4B003A0D1D /* ffiFunction.h */,
				912B427C22F9CD4B003A0D1D /* ffiFunction.c */,
			);
			path = Culture_Programmer;
			sourceTree = "<group>";
		};
		91E818792327B97300BFDDD4 /* shell脚本 */ = {
			isa = PBXGroup;
			children = (
				91E8187A2327B99200BFDDD4 /* test.bash */,
			);
			path = "shell脚本";
			sourceTree = "<group>";
		};
/* End PBXGroup section */

/* Begin PBXNativeTarget section */
		919A489F228DB0C0009436D9 /* Culture_Programmer */ = {
			isa = PBXNativeTarget;
			buildConfigurationList = 919A48A7228DB0C0009436D9 /* Build configuration list for PBXNativeTarget "Culture_Programmer" */;
			buildPhases = (
				919A489C228DB0C0009436D9 /* Sources */,
				919A489D228DB0C0009436D9 /* Frameworks */,
				919A489E228DB0C0009436D9 /* CopyFiles */,
			);
			buildRules = (
			);
			dependencies = (
			);
			name = Culture_Programmer;
			productName = Culture_Programmer;
			productReference = 919A48A0228DB0C0009436D9 /* Culture_Programmer */;
			productType = "com.apple.product-type.tool";
		};
/* End PBXNativeTarget section */

/* Begin PBXProject section */
		919A4898228DB0C0009436D9 /* Project object */ = {
			isa = PBXProject;
			attributes = {
				LastUpgradeCheck = 1000;
				ORGANIZATIONNAME = zhf;
				TargetAttributes = {
					919A489F228DB0C0009436D9 = {
						CreatedOnToolsVersion = 10.0;
					};
				};
			};
			buildConfigurationList = 919A489B228DB0C0009436D9 /* Build configuration list for PBXProject "Culture_Programmer" */;
			compatibilityVersion = "Xcode 9.3";
			developmentRegion = en;
			hasScannedForEncodings = 0;
			knownRegions = (
				en,
			);
			mainGroup = 919A4897228DB0C0009436D9;
			productRefGroup = 919A48A1228DB0C0009436D9 /* Products */;
			projectDirPath = "";
			projectRoot = "";
			targets = (
				919A489F228DB0C0009436D9 /* Culture_Programmer */,
			);
		};
/* End PBXProject section */

/* Begin PBXSourcesBuildPhase section */
		919A489C228DB0C0009436D9 /* Sources */ = {
			isa = PBXSourcesBuildPhase;
			buildActionMask = 2147483647;
			files = (
				913995672321642900BD822D /* Foo.m in Sources */,
				9181F47122ACEFA200E9C3B7 /* TinyHelloWorld.c in Sources */,
				912B427D22F9CD4B003A0D1D /* ffiFunction.c in Sources */,
				9165FE09231EC42C0028856D /* AppBuildProcess.c in Sources */,
				919A48A4228DB0C0009436D9 /* main.c in Sources */,
				919A48AB228DB192009436D9 /* SimpleSection.c in Sources */,
				9139956A2321648C00BD822D /* HelloWorld.m in Sources */,
			);
			runOnlyForDeploymentPostprocessing = 0;
		};
/* End PBXSourcesBuildPhase section */

/* Begin XCBuildConfiguration section */
		919A48A5228DB0C0009436D9 /* Debug */ = {
			isa = XCBuildConfiguration;
			buildSettings = {
				ALWAYS_SEARCH_USER_PATHS = NO;
				CLANG_ANALYZER_NONNULL = YES;
				CLANG_ANALYZER_NUMBER_OBJECT_CONVERSION = YES_AGGRESSIVE;
				CLANG_CXX_LANGUAGE_STANDARD = "gnu++14";
				CLANG_CXX_LIBRARY = "libc++";
				CLANG_ENABLE_MODULES = YES;
				CLANG_ENABLE_OBJC_ARC = YES;
				CLANG_ENABLE_OBJC_WEAK = YES;
				CLANG_WARN_BLOCK_CAPTURE_AUTORELEASING = YES;
				CLANG_WARN_BOOL_CONVERSION = YES;
				CLANG_WARN_COMMA = YES;
				CLANG_WARN_CONSTANT_CONVERSION = YES;
				CLANG_WARN_DEPRECATED_OBJC_IMPLEMENTATIONS = YES;
				CLANG_WARN_DIRECT_OBJC_ISA_USAGE = YES_ERROR;
				CLANG_WARN_DOCUMENTATION_COMMENTS = YES;
				CLANG_WARN_EMPTY_BODY = YES;
				CLANG_WARN_ENUM_CONVERSION = YES;
				CLANG_WARN_INFINITE_RECURSION = YES;
				CLANG_WARN_INT_CONVERSION = YES;
				CLANG_WARN_NON_LITERAL_NULL_CONVERSION = YES;
				CLANG_WARN_OBJC_IMPLICIT_RETAIN_SELF = YES;
				CLANG_WARN_OBJC_LITERAL_CONVERSION = YES;
				CLANG_WARN_OBJC_ROOT_CLASS = YES_ERROR;
				CLANG_WARN_RANGE_LOOP_ANALYSIS = YES;
				CLANG_WARN_STRICT_PROTOTYPES = YES;
				CLANG_WARN_SUSPICIOUS_MOVE = YES;
				CLANG_WARN_UNGUARDED_AVAILABILITY = YES_AGGRESSIVE;
				CLANG_WARN_UNREACHABLE_CODE = YES;
				CLANG_WARN__DUPLICATE_METHOD_MATCH = YES;
				CODE_SIGN_IDENTITY = "Mac Developer";
				COPY_PHASE_STRIP = NO;
				DEBUG_INFORMATION_FORMAT = dwarf;
				ENABLE_STRICT_OBJC_MSGSEND = YES;
				ENABLE_TESTABILITY = YES;
				GCC_C_LANGUAGE_STANDARD = gnu11;
				GCC_DYNAMIC_NO_PIC = NO;
				GCC_NO_COMMON_BLOCKS = YES;
				GCC_OPTIMIZATION_LEVEL = 0;
				GCC_PREPROCESSOR_DEFINITIONS = (
					"DEBUG=1",
					"$(inherited)",
				);
				GCC_WARN_64_TO_32_BIT_CONVERSION = YES;
				GCC_WARN_ABOUT_RETURN_TYPE = YES_ERROR;
				GCC_WARN_UNDECLARED_SELECTOR = YES;
				GCC_WARN_UNINITIALIZED_AUTOS = YES_AGGRESSIVE;
				GCC_WARN_UNUSED_FUNCTION = YES;
				GCC_WARN_UNUSED_VARIABLE = YES;
				MACOSX_DEPLOYMENT_TARGET = 10.13;
				MTL_ENABLE_DEBUG_INFO = INCLUDE_SOURCE;
				MTL_FAST_MATH = YES;
				ONLY_ACTIVE_ARCH = YES;
				SDKROOT = macosx;
			};
			name = Debug;
		};
		919A48A6228DB0C0009436D9 /* Release */ = {
			isa = XCBuildConfiguration;
			buildSettings = {
				ALWAYS_SEARCH_USER_PATHS = NO;
				CLANG_ANALYZER_NONNULL = YES;
				CLANG_ANALYZER_NUMBER_OBJECT_CONVERSION = YES_AGGRESSIVE;
				CLANG_CXX_LANGUAGE_STANDARD = "gnu++14";
				CLANG_CXX_LIBRARY = "libc++";
				CLANG_ENABLE_MODULES = YES;
				CLANG_ENABLE_OBJC_ARC = YES;
				CLANG_ENABLE_OBJC_WEAK = YES;
				CLANG_WARN_BLOCK_CAPTURE_AUTORELEASING = YES;
				CLANG_WARN_BOOL_CONVERSION = YES;
				CLANG_WARN_COMMA = YES;
				CLANG_WARN_CONSTANT_CONVERSION = YES;
				CLANG_WARN_DEPRECATED_OBJC_IMPLEMENTATIONS = YES;
				CLANG_WARN_DIRECT_OBJC_ISA_USAGE = YES_ERROR;
				CLANG_WARN_DOCUMENTATION_COMMENTS = YES;
				CLANG_WARN_EMPTY_BODY = YES;
				CLANG_WARN_ENUM_CONVERSION = YES;
				CLANG_WARN_INFINITE_RECURSION = YES;
				CLANG_WARN_INT_CONVERSION = YES;
				CLANG_WARN_NON_LITERAL_NULL_CONVERSION = YES;
				CLANG_WARN_OBJC_IMPLICIT_RETAIN_SELF = YES;
				CLANG_WARN_OBJC_LITERAL_CONVERSION = YES;
				CLANG_WARN_OBJC_ROOT_CLASS = YES_ERROR;
				CLANG_WARN_RANGE_LOOP_ANALYSIS = YES;
				CLANG_WARN_STRICT_PROTOTYPES = YES;
				CLANG_WARN_SUSPICIOUS_MOVE = YES;
				CLANG_WARN_UNGUARDED_AVAILABILITY = YES_AGGRESSIVE;
				CLANG_WARN_UNREACHABLE_CODE = YES;
				CLANG_WARN__DUPLICATE_METHOD_MATCH = YES;
				CODE_SIGN_IDENTITY = "Mac Developer";
				COPY_PHASE_STRIP = NO;
				DEBUG_INFORMATION_FORMAT = "dwarf-with-dsym";
				ENABLE_NS_ASSERTIONS = NO;
				ENABLE_STRICT_OBJC_MSGSEND = YES;
				GCC_C_LANGUAGE_STANDARD = gnu11;
				GCC_NO_COMMON_BLOCKS = YES;
				GCC_WARN_64_TO_32_BIT_CONVERSION = YES;
				GCC_WARN_ABOUT_RETURN_TYPE = YES_ERROR;
				GCC_WARN_UNDECLARED_SELECTOR = YES;
				GCC_WARN_UNINITIALIZED_AUTOS = YES_AGGRESSIVE;
				GCC_WARN_UNUSED_FUNCTION = YES;
				GCC_WARN_UNUSED_VARIABLE = YES;
				MACOSX_DEPLOYMENT_TARGET = 10.13;
				MTL_ENABLE_DEBUG_INFO = NO;
				MTL_FAST_MATH = YES;
				SDKROOT = macosx;
			};
			name = Release;
		};
		919A48A8228DB0C0009436D9 /* Debug */ = {
			isa = XCBuildConfiguration;
			buildSettings = {
				CODE_SIGN_STYLE = Automatic;
				DEVELOPMENT_TEAM = C7UNH8293N;
				PRODUCT_NAME = "$(TARGET_NAME)";
			};
			name = Debug;
		};
		919A48A9228DB0C0009436D9 /* Release */ = {
			isa = XCBuildConfiguration;
			buildSettings = {
				CODE_SIGN_STYLE = Automatic;
				DEVELOPMENT_TEAM = C7UNH8293N;
				PRODUCT_NAME = "$(TARGET_NAME)";
			};
			name = Release;
		};
/* End XCBuildConfiguration section */

/* Begin XCConfigurationList section */
		919A489B228DB0C0009436D9 /* Build configuration list for PBXProject "Culture_Programmer" */ = {
			isa = XCConfigurationList;
			buildConfigurations = (
				919A48A5228DB0C0009436D9 /* Debug */,
				919A48A6228DB0C0009436D9 /* Release */,
			);
			defaultConfigurationIsVisible = 0;
			defaultConfigurationName = Release;
		};
		919A48A7228DB0C0009436D9 /* Build configuration list for PBXNativeTarget "Culture_Programmer" */ = {
			isa = XCConfigurationList;
			buildConfigurations = (
				919A48A8228DB0C0009436D9 /* Debug */,
				919A48A9228DB0C0009436D9 /* Release */,
			);
			defaultConfigurationIsVisible = 0;
			defaultConfigurationName = Release;
		};
/* End XCConfigurationList section */
	};
	rootObject = 919A4898228DB0C0009436D9 /* Project object */;
}
